
Microsoft Visual Studio Solution File, Format Version 12.00
# Visual Studio Version 17
VisualStudioVersion = 17.8.34330.188
MinimumVisualStudioVersion = 10.0.40219.1
Project("{FAE04EC0-301F-11D3-BF4B-00C04F79EFBC}") = "zadanie4", "zadanie4\zadanie4.csproj", "{423A756C-7CD2-4E1C-9250-B61135DE6C3B}"
EndProject
Global
	GlobalSection(SolutionConfigurationPlatforms) = preSolution
		Debug|Any CPU = Debug|Any CPU
		Release|Any CPU = Release|Any CPU
	EndGlobalSection
	GlobalSection(ProjectConfigurationPlatforms) = postSolution
		{423A756C-7CD2-4E1C-9250-B61135DE6C3B}.Debug|Any CPU.ActiveCfg = Debug|Any CPU
		{423A756C-7CD2-4E1C-9250-B61135DE6C3B}.Debug|Any CPU.Build.0 = Debug|Any CPU
		{423A756C-7CD2-4E1C-9250-B61135DE6C3B}.Release|Any CPU.ActiveCfg = Release|Any CPU
		{423A756C-7CD2-4E1C-9250-B61135DE6C3B}.Release|Any CPU.Build.0 = Release|Any CPU
	EndGlobalSection
	GlobalSection(SolutionProperties) = preSolution
		HideSolutionNode = FALSE
	EndGlobalSection
	GlobalSection(ExtensibilityGlobals) = postSolution
		SolutionGuid = {96C00577-D25F-42FE-BE09-6C197C4E01A7}
	EndGlobalSection
EndGlobal
